
Microsoft Visual Studio Solution File, Format Version 12.00
# Visual Studio Version 17
VisualStudioVersion = 17.0.32112.339
MinimumVisualStudioVersion = 10.0.40219.1
Project("{FAE04EC0-301F-11D3-BF4B-00C04F79EFBC}") = "WebApplication4", "WebApplication4.csproj", "{E0B6EDD7-D484-449A-BCA8-5DBFF77F6962}"
EndProject
Global
	GlobalSection(SolutionConfigurationPlatforms) = preSolution
		Debug|Any CPU = Debug|Any CPU
		Release|Any CPU = Release|Any CPU
	EndGlobalSection
	GlobalSection(ProjectConfigurationPlatforms) = postSolution
		{E0B6EDD7-D484-449A-BCA8-5DBFF77F6962}.Debug|Any CPU.ActiveCfg = Debug|Any CPU
		{E0B6EDD7-D484-449A-BCA8-5DBFF77F6962}.Debug|Any CPU.Build.0 = Debug|Any CPU
		{E0B6EDD7-D484-449A-BCA8-5DBFF77F6962}.Release|Any CPU.ActiveCfg = Release|Any CPU
		{E0B6EDD7-D484-449A-BCA8-5DBFF77F6962}.Release|Any CPU.Build.0 = Release|Any CPU
	EndGlobalSection
	GlobalSection(SolutionProperties) = preSolution
		HideSolutionNode = FALSE
	EndGlobalSection
	GlobalSection(ExtensibilityGlobals) = postSolution
		SolutionGuid = {0ED6DA0A-A929-4702-ADDC-66E03C6FA9CA}
	EndGlobalSection
EndGlobal
