
Microsoft Visual Studio Solution File, Format Version 12.00
# Visual Studio Version 17
VisualStudioVersion = 17.0.32112.339
MinimumVisualStudioVersion = 10.0.40219.1
Project("{FAE04EC0-301F-11D3-BF4B-00C04F79EFBC}") = "KanbanSample", "KanbanSample.csproj", "{69A49C2B-4F38-4D09-8896-2ABBA6CEEE9C}"
EndProject
Global
	GlobalSection(SolutionConfigurationPlatforms) = preSolution
		Debug|Any CPU = Debug|Any CPU
		Release|Any CPU = Release|Any CPU
	EndGlobalSection
	GlobalSection(ProjectConfigurationPlatforms) = postSolution
		{69A49C2B-4F38-4D09-8896-2ABBA6CEEE9C}.Debug|Any CPU.ActiveCfg = Debug|Any CPU
		{69A49C2B-4F38-4D09-8896-2ABBA6CEEE9C}.Debug|Any CPU.Build.0 = Debug|Any CPU
		{69A49C2B-4F38-4D09-8896-2ABBA6CEEE9C}.Release|Any CPU.ActiveCfg = Release|Any CPU
		{69A49C2B-4F38-4D09-8896-2ABBA6CEEE9C}.Release|Any CPU.Build.0 = Release|Any CPU
	EndGlobalSection
	GlobalSection(SolutionProperties) = preSolution
		HideSolutionNode = FALSE
	EndGlobalSection
	GlobalSection(ExtensibilityGlobals) = postSolution
		SolutionGuid = {11285B40-C6E8-425F-BE51-D6BE517CF4A2}
	EndGlobalSection
EndGlobal
