
Microsoft Visual Studio Solution File, Format Version 12.00
# Visual Studio Version 17
VisualStudioVersion = 17.0.32112.339
MinimumVisualStudioVersion = 10.0.40219.1
Project("{FAE04EC0-301F-11D3-BF4B-00C04F79EFBC}") = "RichTextEditorSample", "RichTextEditorSample.csproj", "{F9FAFD4E-9073-4076-905D-B5C46CBDEB84}"
EndProject
Global
	GlobalSection(SolutionConfigurationPlatforms) = preSolution
		Debug|Any CPU = Debug|Any CPU
		Release|Any CPU = Release|Any CPU
	EndGlobalSection
	GlobalSection(ProjectConfigurationPlatforms) = postSolution
		{F9FAFD4E-9073-4076-905D-B5C46CBDEB84}.Debug|Any CPU.ActiveCfg = Debug|Any CPU
		{F9FAFD4E-9073-4076-905D-B5C46CBDEB84}.Debug|Any CPU.Build.0 = Debug|Any CPU
		{F9FAFD4E-9073-4076-905D-B5C46CBDEB84}.Release|Any CPU.ActiveCfg = Release|Any CPU
		{F9FAFD4E-9073-4076-905D-B5C46CBDEB84}.Release|Any CPU.Build.0 = Release|Any CPU
	EndGlobalSection
	GlobalSection(SolutionProperties) = preSolution
		HideSolutionNode = FALSE
	EndGlobalSection
	GlobalSection(ExtensibilityGlobals) = postSolution
		SolutionGuid = {EC9A0772-CD51-4C7A-91EF-4A8737428D9D}
	EndGlobalSection
EndGlobal
