
Microsoft Visual Studio Solution File, Format Version 12.00
# Visual Studio Version 17
VisualStudioVersion = 17.0.32014.148
MinimumVisualStudioVersion = 10.0.40219.1
Project("{FAE04EC0-301F-11D3-BF4B-00C04F79EFBC}") = "LibraryManagement", "LibraryManagement.csproj", "{624BE05F-A766-46FC-A777-02BBF779BF19}"
EndProject
Global
	GlobalSection(SolutionConfigurationPlatforms) = preSolution
		Debug|Any CPU = Debug|Any CPU
		Release|Any CPU = Release|Any CPU
	EndGlobalSection
	GlobalSection(ProjectConfigurationPlatforms) = postSolution
		{624BE05F-A766-46FC-A777-02BBF779BF19}.Debug|Any CPU.ActiveCfg = Debug|Any CPU
		{624BE05F-A766-46FC-A777-02BBF779BF19}.Debug|Any CPU.Build.0 = Debug|Any CPU
		{624BE05F-A766-46FC-A777-02BBF779BF19}.Release|Any CPU.ActiveCfg = Release|Any CPU
		{624BE05F-A766-46FC-A777-02BBF779BF19}.Release|Any CPU.Build.0 = Release|Any CPU
	EndGlobalSection
	GlobalSection(SolutionProperties) = preSolution
		HideSolutionNode = FALSE
	EndGlobalSection
	GlobalSection(ExtensibilityGlobals) = postSolution
		SolutionGuid = {54DA6891-89EA-4369-9942-429E40BEA676}
	EndGlobalSection
EndGlobal
