
Microsoft Visual Studio Solution File, Format Version 12.00
# Visual Studio Version 17
VisualStudioVersion = 17.0.32112.339
MinimumVisualStudioVersion = 10.0.40219.1
Project("{FAE04EC0-301F-11D3-BF4B-00C04F79EFBC}") = "WebApplication1", "WebApplication1.csproj", "{668A52E5-B426-46C6-A880-071BEB071F34}"
EndProject
Global
	GlobalSection(SolutionConfigurationPlatforms) = preSolution
		Debug|Any CPU = Debug|Any CPU
		Release|Any CPU = Release|Any CPU
	EndGlobalSection
	GlobalSection(ProjectConfigurationPlatforms) = postSolution
		{668A52E5-B426-46C6-A880-071BEB071F34}.Debug|Any CPU.ActiveCfg = Debug|Any CPU
		{668A52E5-B426-46C6-A880-071BEB071F34}.Debug|Any CPU.Build.0 = Debug|Any CPU
		{668A52E5-B426-46C6-A880-071BEB071F34}.Release|Any CPU.ActiveCfg = Release|Any CPU
		{668A52E5-B426-46C6-A880-071BEB071F34}.Release|Any CPU.Build.0 = Release|Any CPU
	EndGlobalSection
	GlobalSection(SolutionProperties) = preSolution
		HideSolutionNode = FALSE
	EndGlobalSection
	GlobalSection(ExtensibilityGlobals) = postSolution
		SolutionGuid = {F344E899-5FF3-4BA9-9184-583E2E32EC41}
	EndGlobalSection
EndGlobal
