
Microsoft Visual Studio Solution File, Format Version 12.00
# Visual Studio Version 17
VisualStudioVersion = 17.0.32112.339
MinimumVisualStudioVersion = 10.0.40219.1
Project("{FAE04EC0-301F-11D3-BF4B-00C04F79EFBC}") = "DashboardLayoutSample", "DashboardLayoutSample.csproj", "{97B8F423-DAC0-4723-9FA7-1192C6E82CEB}"
EndProject
Global
	GlobalSection(SolutionConfigurationPlatforms) = preSolution
		Debug|Any CPU = Debug|Any CPU
		Release|Any CPU = Release|Any CPU
	EndGlobalSection
	GlobalSection(ProjectConfigurationPlatforms) = postSolution
		{97B8F423-DAC0-4723-9FA7-1192C6E82CEB}.Debug|Any CPU.ActiveCfg = Debug|Any CPU
		{97B8F423-DAC0-4723-9FA7-1192C6E82CEB}.Debug|Any CPU.Build.0 = Debug|Any CPU
		{97B8F423-DAC0-4723-9FA7-1192C6E82CEB}.Release|Any CPU.ActiveCfg = Release|Any CPU
		{97B8F423-DAC0-4723-9FA7-1192C6E82CEB}.Release|Any CPU.Build.0 = Release|Any CPU
	EndGlobalSection
	GlobalSection(SolutionProperties) = preSolution
		HideSolutionNode = FALSE
	EndGlobalSection
	GlobalSection(ExtensibilityGlobals) = postSolution
		SolutionGuid = {2BDDA976-520C-41A3-A857-300C3B7A1D70}
	EndGlobalSection
EndGlobal
