
Microsoft Visual Studio Solution File, Format Version 12.00
# Visual Studio Version 17
VisualStudioVersion = 17.0.32112.339
MinimumVisualStudioVersion = 10.0.40219.1
Project("{FAE04EC0-301F-11D3-BF4B-00C04F79EFBC}") = "TreeviewSample", "TreeviewSample.csproj", "{C5D40457-EDDB-49E7-8E91-A112E35BEC8F}"
EndProject
Global
	GlobalSection(SolutionConfigurationPlatforms) = preSolution
		Debug|Any CPU = Debug|Any CPU
		Release|Any CPU = Release|Any CPU
	EndGlobalSection
	GlobalSection(ProjectConfigurationPlatforms) = postSolution
		{C5D40457-EDDB-49E7-8E91-A112E35BEC8F}.Debug|Any CPU.ActiveCfg = Debug|Any CPU
		{C5D40457-EDDB-49E7-8E91-A112E35BEC8F}.Debug|Any CPU.Build.0 = Debug|Any CPU
		{C5D40457-EDDB-49E7-8E91-A112E35BEC8F}.Release|Any CPU.ActiveCfg = Release|Any CPU
		{C5D40457-EDDB-49E7-8E91-A112E35BEC8F}.Release|Any CPU.Build.0 = Release|Any CPU
	EndGlobalSection
	GlobalSection(SolutionProperties) = preSolution
		HideSolutionNode = FALSE
	EndGlobalSection
	GlobalSection(ExtensibilityGlobals) = postSolution
		SolutionGuid = {C844F3F9-341E-482F-A5E1-334546F8B51D}
	EndGlobalSection
EndGlobal
