
Microsoft Visual Studio Solution File, Format Version 12.00
# Visual Studio Version 17
VisualStudioVersion = 17.4.33205.214
MinimumVisualStudioVersion = 10.0.40219.1
Project("{FAE04EC0-301F-11D3-BF4B-00C04F79EFBC}") = "Instantiate", "Instantiate\Instantiate.csproj", "{A9526CDA-E790-4994-8266-59F4A1971B88}"
EndProject
Global
	GlobalSection(SolutionConfigurationPlatforms) = preSolution
		Debug|Any CPU = Debug|Any CPU
		Release|Any CPU = Release|Any CPU
	EndGlobalSection
	GlobalSection(ProjectConfigurationPlatforms) = postSolution
		{A9526CDA-E790-4994-8266-59F4A1971B88}.Debug|Any CPU.ActiveCfg = Debug|Any CPU
		{A9526CDA-E790-4994-8266-59F4A1971B88}.Debug|Any CPU.Build.0 = Debug|Any CPU
		{A9526CDA-E790-4994-8266-59F4A1971B88}.Release|Any CPU.ActiveCfg = Release|Any CPU
		{A9526CDA-E790-4994-8266-59F4A1971B88}.Release|Any CPU.Build.0 = Release|Any CPU
	EndGlobalSection
	GlobalSection(SolutionProperties) = preSolution
		HideSolutionNode = FALSE
	EndGlobalSection
	GlobalSection(ExtensibilityGlobals) = postSolution
		SolutionGuid = {7FC6C0BC-1BB4-4AC1-9B5E-F1E73FBC4DE4}
	EndGlobalSection
EndGlobal
