
Microsoft Visual Studio Solution File, Format Version 12.00
# Visual Studio Version 17
VisualStudioVersion = 17.0.32112.339
MinimumVisualStudioVersion = 10.0.40219.1
Project("{FAE04EC0-301F-11D3-BF4B-00C04F79EFBC}") = "RangeNavigatorSample", "RangeNavigatorSample.csproj", "{4A9AE6C9-48FE-4CA1-8EE3-852662F37475}"
EndProject
Global
	GlobalSection(SolutionConfigurationPlatforms) = preSolution
		Debug|Any CPU = Debug|Any CPU
		Release|Any CPU = Release|Any CPU
	EndGlobalSection
	GlobalSection(ProjectConfigurationPlatforms) = postSolution
		{4A9AE6C9-48FE-4CA1-8EE3-852662F37475}.Debug|Any CPU.ActiveCfg = Debug|Any CPU
		{4A9AE6C9-48FE-4CA1-8EE3-852662F37475}.Debug|Any CPU.Build.0 = Debug|Any CPU
		{4A9AE6C9-48FE-4CA1-8EE3-852662F37475}.Release|Any CPU.ActiveCfg = Release|Any CPU
		{4A9AE6C9-48FE-4CA1-8EE3-852662F37475}.Release|Any CPU.Build.0 = Release|Any CPU
	EndGlobalSection
	GlobalSection(SolutionProperties) = preSolution
		HideSolutionNode = FALSE
	EndGlobalSection
	GlobalSection(ExtensibilityGlobals) = postSolution
		SolutionGuid = {5785D940-AFE8-41CC-9C70-3B5C6D5152B4}
	EndGlobalSection
EndGlobal
