
Microsoft Visual Studio Solution File, Format Version 12.00
# Visual Studio Version 17
VisualStudioVersion = 17.0.32112.339
MinimumVisualStudioVersion = 10.0.40219.1
Project("{FAE04EC0-301F-11D3-BF4B-00C04F79EFBC}") = "RangeSliderSample", "RangeSliderSample.csproj", "{A6FD0D3A-0476-4353-89CA-AE89116885E6}"
EndProject
Global
	GlobalSection(SolutionConfigurationPlatforms) = preSolution
		Debug|Any CPU = Debug|Any CPU
		Release|Any CPU = Release|Any CPU
	EndGlobalSection
	GlobalSection(ProjectConfigurationPlatforms) = postSolution
		{A6FD0D3A-0476-4353-89CA-AE89116885E6}.Debug|Any CPU.ActiveCfg = Debug|Any CPU
		{A6FD0D3A-0476-4353-89CA-AE89116885E6}.Debug|Any CPU.Build.0 = Debug|Any CPU
		{A6FD0D3A-0476-4353-89CA-AE89116885E6}.Release|Any CPU.ActiveCfg = Release|Any CPU
		{A6FD0D3A-0476-4353-89CA-AE89116885E6}.Release|Any CPU.Build.0 = Release|Any CPU
	EndGlobalSection
	GlobalSection(SolutionProperties) = preSolution
		HideSolutionNode = FALSE
	EndGlobalSection
	GlobalSection(ExtensibilityGlobals) = postSolution
		SolutionGuid = {8770E7B3-6DB7-4FB4-8573-2F32405DC16D}
	EndGlobalSection
EndGlobal
