
Microsoft Visual Studio Solution File, Format Version 12.00
# Visual Studio Version 17
VisualStudioVersion = 17.0.32112.339
MinimumVisualStudioVersion = 10.0.40219.1
Project("{FAE04EC0-301F-11D3-BF4B-00C04F79EFBC}") = "DateTimePicker", "DateTimePicker.csproj", "{0D4650C2-B444-440C-A7D7-31952607778C}"
EndProject
Global
	GlobalSection(SolutionConfigurationPlatforms) = preSolution
		Debug|Any CPU = Debug|Any CPU
		Release|Any CPU = Release|Any CPU
	EndGlobalSection
	GlobalSection(ProjectConfigurationPlatforms) = postSolution
		{0D4650C2-B444-440C-A7D7-31952607778C}.Debug|Any CPU.ActiveCfg = Debug|Any CPU
		{0D4650C2-B444-440C-A7D7-31952607778C}.Debug|Any CPU.Build.0 = Debug|Any CPU
		{0D4650C2-B444-440C-A7D7-31952607778C}.Release|Any CPU.ActiveCfg = Release|Any CPU
		{0D4650C2-B444-440C-A7D7-31952607778C}.Release|Any CPU.Build.0 = Release|Any CPU
	EndGlobalSection
	GlobalSection(SolutionProperties) = preSolution
		HideSolutionNode = FALSE
	EndGlobalSection
	GlobalSection(ExtensibilityGlobals) = postSolution
		SolutionGuid = {A878C757-E9F2-4649-A780-F30A9EBF76D0}
	EndGlobalSection
EndGlobal
