
Microsoft Visual Studio Solution File, Format Version 12.00
# Visual Studio Version 17
VisualStudioVersion = 17.0.32014.148
MinimumVisualStudioVersion = 10.0.40219.1
Project("{FAE04EC0-301F-11D3-BF4B-00C04F79EFBC}") = "SizeModeControl", "SizeModeControl.csproj", "{604E79A1-C00B-427F-8D15-736579EF12B5}"
EndProject
Global
	GlobalSection(SolutionConfigurationPlatforms) = preSolution
		Debug|Any CPU = Debug|Any CPU
		Release|Any CPU = Release|Any CPU
	EndGlobalSection
	GlobalSection(ProjectConfigurationPlatforms) = postSolution
		{604E79A1-C00B-427F-8D15-736579EF12B5}.Debug|Any CPU.ActiveCfg = Debug|Any CPU
		{604E79A1-C00B-427F-8D15-736579EF12B5}.Debug|Any CPU.Build.0 = Debug|Any CPU
		{604E79A1-C00B-427F-8D15-736579EF12B5}.Release|Any CPU.ActiveCfg = Release|Any CPU
		{604E79A1-C00B-427F-8D15-736579EF12B5}.Release|Any CPU.Build.0 = Release|Any CPU
	EndGlobalSection
	GlobalSection(SolutionProperties) = preSolution
		HideSolutionNode = FALSE
	EndGlobalSection
	GlobalSection(ExtensibilityGlobals) = postSolution
		SolutionGuid = {D425E25A-DDC7-4874-AFCF-B4C79607C212}
	EndGlobalSection
EndGlobal
