
Microsoft Visual Studio Solution File, Format Version 12.00
# Visual Studio Version 17
VisualStudioVersion = 17.2.32630.192
MinimumVisualStudioVersion = 10.0.40219.1
Project("{9A19103F-16F7-4668-BE54-9A1E7A4F7556}") = "WebService", "WebService.csproj", "{CF1D90BD-C8B6-4088-AA14-04F7CF584EAB}"
EndProject
Global
	GlobalSection(SolutionConfigurationPlatforms) = preSolution
		Debug|Any CPU = Debug|Any CPU
		Release|Any CPU = Release|Any CPU
	EndGlobalSection
	GlobalSection(ProjectConfigurationPlatforms) = postSolution
		{CF1D90BD-C8B6-4088-AA14-04F7CF584EAB}.Debug|Any CPU.ActiveCfg = Debug|Any CPU
		{CF1D90BD-C8B6-4088-AA14-04F7CF584EAB}.Debug|Any CPU.Build.0 = Debug|Any CPU
		{CF1D90BD-C8B6-4088-AA14-04F7CF584EAB}.Release|Any CPU.ActiveCfg = Release|Any CPU
		{CF1D90BD-C8B6-4088-AA14-04F7CF584EAB}.Release|Any CPU.Build.0 = Release|Any CPU
	EndGlobalSection
	GlobalSection(SolutionProperties) = preSolution
		HideSolutionNode = FALSE
	EndGlobalSection
	GlobalSection(ExtensibilityGlobals) = postSolution
		SolutionGuid = {8F5FB6F4-A1B7-4387-8790-81441F151B25}
	EndGlobalSection
EndGlobal
