
Microsoft Visual Studio Solution File, Format Version 12.00
# Visual Studio Version 17
VisualStudioVersion = 17.0.32014.148
MinimumVisualStudioVersion = 10.0.40219.1
Project("{FAE04EC0-301F-11D3-BF4B-00C04F79EFBC}") = "Animation", "Animation.csproj", "{A58236F7-EC04-451E-9D3B-031A90014EAA}"
EndProject
Global
	GlobalSection(SolutionConfigurationPlatforms) = preSolution
		Debug|Any CPU = Debug|Any CPU
		Release|Any CPU = Release|Any CPU
	EndGlobalSection
	GlobalSection(ProjectConfigurationPlatforms) = postSolution
		{A58236F7-EC04-451E-9D3B-031A90014EAA}.Debug|Any CPU.ActiveCfg = Debug|Any CPU
		{A58236F7-EC04-451E-9D3B-031A90014EAA}.Debug|Any CPU.Build.0 = Debug|Any CPU
		{A58236F7-EC04-451E-9D3B-031A90014EAA}.Release|Any CPU.ActiveCfg = Release|Any CPU
		{A58236F7-EC04-451E-9D3B-031A90014EAA}.Release|Any CPU.Build.0 = Release|Any CPU
	EndGlobalSection
	GlobalSection(SolutionProperties) = preSolution
		HideSolutionNode = FALSE
	EndGlobalSection
	GlobalSection(ExtensibilityGlobals) = postSolution
		SolutionGuid = {1F4D2007-2432-4D2C-BDA8-1DC288AD017E}
	EndGlobalSection
EndGlobal
