
Microsoft Visual Studio Solution File, Format Version 12.00
# Visual Studio Version 17
VisualStudioVersion = 17.0.32112.339
MinimumVisualStudioVersion = 10.0.40219.1
Project("{FAE04EC0-301F-11D3-BF4B-00C04F79EFBC}") = "MenuSample", "MenuSample.csproj", "{6F541607-01D5-4F81-90E9-401841881E2C}"
EndProject
Global
	GlobalSection(SolutionConfigurationPlatforms) = preSolution
		Debug|Any CPU = Debug|Any CPU
		Release|Any CPU = Release|Any CPU
	EndGlobalSection
	GlobalSection(ProjectConfigurationPlatforms) = postSolution
		{6F541607-01D5-4F81-90E9-401841881E2C}.Debug|Any CPU.ActiveCfg = Debug|Any CPU
		{6F541607-01D5-4F81-90E9-401841881E2C}.Debug|Any CPU.Build.0 = Debug|Any CPU
		{6F541607-01D5-4F81-90E9-401841881E2C}.Release|Any CPU.ActiveCfg = Release|Any CPU
		{6F541607-01D5-4F81-90E9-401841881E2C}.Release|Any CPU.Build.0 = Release|Any CPU
	EndGlobalSection
	GlobalSection(SolutionProperties) = preSolution
		HideSolutionNode = FALSE
	EndGlobalSection
	GlobalSection(ExtensibilityGlobals) = postSolution
		SolutionGuid = {18D7298D-1AED-49C7-948B-EFFDABB9A1AD}
	EndGlobalSection
EndGlobal
