
Microsoft Visual Studio Solution File, Format Version 12.00
# Visual Studio Version 17
VisualStudioVersion = 17.0.32112.339
MinimumVisualStudioVersion = 10.0.40219.1
Project("{FAE04EC0-301F-11D3-BF4B-00C04F79EFBC}") = "ProgressBarSample", "ProgressBarSample.csproj", "{2AFF3324-720C-443A-A339-58DCBA276154}"
EndProject
Global
	GlobalSection(SolutionConfigurationPlatforms) = preSolution
		Debug|Any CPU = Debug|Any CPU
		Release|Any CPU = Release|Any CPU
	EndGlobalSection
	GlobalSection(ProjectConfigurationPlatforms) = postSolution
		{2AFF3324-720C-443A-A339-58DCBA276154}.Debug|Any CPU.ActiveCfg = Debug|Any CPU
		{2AFF3324-720C-443A-A339-58DCBA276154}.Debug|Any CPU.Build.0 = Debug|Any CPU
		{2AFF3324-720C-443A-A339-58DCBA276154}.Release|Any CPU.ActiveCfg = Release|Any CPU
		{2AFF3324-720C-443A-A339-58DCBA276154}.Release|Any CPU.Build.0 = Release|Any CPU
	EndGlobalSection
	GlobalSection(SolutionProperties) = preSolution
		HideSolutionNode = FALSE
	EndGlobalSection
	GlobalSection(ExtensibilityGlobals) = postSolution
		SolutionGuid = {63B81671-A542-4FBA-8638-46156E61EC35}
	EndGlobalSection
EndGlobal
