
Microsoft Visual Studio Solution File, Format Version 12.00
# Visual Studio Version 17
VisualStudioVersion = 17.0.32112.339
MinimumVisualStudioVersion = 10.0.40219.1
Project("{FAE04EC0-301F-11D3-BF4B-00C04F79EFBC}") = "ListViewSample", "ListViewSample.csproj", "{298EFC69-A8E8-41C5-9801-EFED9CC573C6}"
EndProject
Global
	GlobalSection(SolutionConfigurationPlatforms) = preSolution
		Debug|Any CPU = Debug|Any CPU
		Release|Any CPU = Release|Any CPU
	EndGlobalSection
	GlobalSection(ProjectConfigurationPlatforms) = postSolution
		{298EFC69-A8E8-41C5-9801-EFED9CC573C6}.Debug|Any CPU.ActiveCfg = Debug|Any CPU
		{298EFC69-A8E8-41C5-9801-EFED9CC573C6}.Debug|Any CPU.Build.0 = Debug|Any CPU
		{298EFC69-A8E8-41C5-9801-EFED9CC573C6}.Release|Any CPU.ActiveCfg = Release|Any CPU
		{298EFC69-A8E8-41C5-9801-EFED9CC573C6}.Release|Any CPU.Build.0 = Release|Any CPU
	EndGlobalSection
	GlobalSection(SolutionProperties) = preSolution
		HideSolutionNode = FALSE
	EndGlobalSection
	GlobalSection(ExtensibilityGlobals) = postSolution
		SolutionGuid = {E3DBB755-D4C8-4DC0-B942-48282EC0E0C9}
	EndGlobalSection
EndGlobal
