
Microsoft Visual Studio Solution File, Format Version 12.00
# Visual Studio Version 17
VisualStudioVersion = 17.0.32112.339
MinimumVisualStudioVersion = 10.0.40219.1
Project("{FAE04EC0-301F-11D3-BF4B-00C04F79EFBC}") = "CardSample", "CardSample.csproj", "{C2069FD9-014D-402B-B194-51E062E7D827}"
EndProject
Global
	GlobalSection(SolutionConfigurationPlatforms) = preSolution
		Debug|Any CPU = Debug|Any CPU
		Release|Any CPU = Release|Any CPU
	EndGlobalSection
	GlobalSection(ProjectConfigurationPlatforms) = postSolution
		{C2069FD9-014D-402B-B194-51E062E7D827}.Debug|Any CPU.ActiveCfg = Debug|Any CPU
		{C2069FD9-014D-402B-B194-51E062E7D827}.Debug|Any CPU.Build.0 = Debug|Any CPU
		{C2069FD9-014D-402B-B194-51E062E7D827}.Release|Any CPU.ActiveCfg = Release|Any CPU
		{C2069FD9-014D-402B-B194-51E062E7D827}.Release|Any CPU.Build.0 = Release|Any CPU
	EndGlobalSection
	GlobalSection(SolutionProperties) = preSolution
		HideSolutionNode = FALSE
	EndGlobalSection
	GlobalSection(ExtensibilityGlobals) = postSolution
		SolutionGuid = {DDF59F53-2766-4F0C-9B97-88A01025352B}
	EndGlobalSection
EndGlobal
